<?xml version="1.0" encoding="utf-8"?>
<Project ToolsVersion="4.0" xmlns="http://schemas.microsoft.com/developer/msbuild/2003">
  <ItemGroup>
    <Filter Include="Source Files">
      <UniqueIdentifier>{4FC737F1-C7A5-4376-A066-2A32D752A2FF}</UniqueIdentifier>
      <Extensions>cpp;c;cc;cxx;c++;cppm;ixx;def;odl;idl;hpj;bat;asm;asmx</Extensions>
    </Filter>
    <Filter Include="Header Files">
      <UniqueIdentifier>{93995380-89BD-4b04-88EB-625FBE52EBFB}</UniqueIdentifier>
      <Extensions>h;hh;hpp;hxx;h++;hm;inl;inc;ipp;xsd</Extensions>
    </Filter>
    <Filter Include="Resource Files">
      <UniqueIdentifier>{67DA6AB6-F800-4c08-8B7A-83BB121AAD01}</UniqueIdentifier>
      <Extensions>rc;ico;cur;bmp;dlg;rc2;rct;bin;rgs;gif;jpg;jpeg;jpe;resx;tiff;tif;png;wav;mfcribbon-ms</Extensions>
    </Filter>
  </ItemGroup>
  <ItemGroup>
    <ClCompile Include="elrico.cpp">
      <Filter>Source Files</Filter>
    </ClCompile>
    <ClCompile Include="Menu.cpp">
      <Filter>Source Files</Filter>
    </ClCompile>
    <ClCompile Include="Game.cpp">
      <Filter>Source Files</Filter>
    </ClCompile>
    <ClCompile Include="End.cpp">
      <Filter>Source Files</Filter>
    </ClCompile>
    <ClCompile Include="PlayerName.cpp">
      <Filter>Source Files</Filter>
    </ClCompile>
    <ClCompile Include="PauseMenu.cpp">
      <Filter>Source Files</Filter>
    </ClCompile>
    <ClCompile Include="BlackFadeTransition.cpp">
      <Filter>Source Files</Filter>
    </ClCompile>
    <ClCompile Include="CircleTransition.cpp">
      <Filter>Source Files</Filter>
    </ClCompile>
    <ClCompile Include="CircTrans.cpp">
      <Filter>Source Files</Filter>
    </ClCompile>
    <ClCompile Include="DialogueBox.cpp">
      <Filter>Source Files</Filter>
    </ClCompile>
    <ClCompile Include="NPC.cpp">
      <Filter>Source Files</Filter>
    </ClCompile>
    <ClCompile Include="LoadingScreen.cpp">
      <Filter>Source Files</Filter>
    </ClCompile>
    <ClCompile Include="Skylab.cpp">
      <Filter>Source Files</Filter>
    </ClCompile>
    <ClCompile Include="SkylabRoom.cpp">
      <Filter>Source Files</Filter>
    </ClCompile>
    <ClCompile Include="CutScene.cpp">
      <Filter>Source Files</Filter>
    </ClCompile>
    <ClCompile Include="MainGate.cpp">
      <Filter>Source Files</Filter>
    </ClCompile>
    <ClCompile Include="SkylabRoomNight.cpp">
      <Filter>Source Files</Filter>
    </ClCompile>
    <ClCompile Include="SkylabNight.cpp">
      <Filter>Source Files</Filter>
    </ClCompile>
    <ClCompile Include="Startup.cpp">
      <Filter>Source Files</Filter>
    </ClCompile>
    <ClCompile Include="CAS3Night.cpp">
      <Filter>Source Files</Filter>
    </ClCompile>
    <ClCompile Include="MainGateNight.cpp">
      <Filter>Source Files</Filter>
    </ClCompile>
    <ClCompile Include="HMDay.cpp">
      <Filter>Source Files</Filter>
    </ClCompile>
    <ClCompile Include="HM2nd.cpp">
      <Filter>Source Files</Filter>
    </ClCompile>
    <ClCompile Include="HMRoom2.cpp">
      <Filter>Source Files</Filter>
    </ClCompile>
    <ClCompile Include="CutScene2.cpp">
      <Filter>Source Files</Filter>
    </ClCompile>
    <ClCompile Include="HMRoom2Night.cpp">
      <Filter>Source Files</Filter>
    </ClCompile>
    <ClCompile Include="HM2ndNight.cpp">
      <Filter>Source Files</Filter>
    </ClCompile>
    <ClCompile Include="HMNight.cpp">
      <Filter>Source Files</Filter>
    </ClCompile>
    <ClCompile Include="HMRoom1.cpp">
      <Filter>Source Files</Filter>
    </ClCompile>
    <ClCompile Include="CBA.cpp">
      <Filter>Source Files</Filter>
    </ClCompile>
    <ClCompile Include="CBARoom.cpp">
      <Filter>Source Files</Filter>
    </ClCompile>
    <ClCompile Include="BossFight.cpp">
      <Filter>Source Files</Filter>
    </ClCompile>
    <ClCompile Include="SKYLABROOMLAST.cpp">
      <Filter>Source Files</Filter>
    </ClCompile>
    <ClCompile Include="HealthCount.cpp">
      <Filter>Source Files</Filter>
    </ClCompile>
    <ClCompile Include="CBADay.cpp">
      <Filter>Source Files</Filter>
    </ClCompile>
    <ClCompile Include="CBARoomDay.cpp">
      <Filter>Source Files</Filter>
    </ClCompile>
    <ClCompile Include="Crafting.cpp">
      <Filter>Source Files</Filter>
    </ClCompile>
    <ClCompile Include="Inventory.cpp">
      <Filter>Source Files</Filter>
    </ClCompile>
    <ClCompile Include="OpenCourt.cpp">
      <Filter>Source Files</Filter>
    </ClCompile>
    <ClCompile Include="HP.cpp">
      <Filter>Source Files</Filter>
    </ClCompile>
  </ItemGroup>
  <ItemGroup>
    <ClInclude Include="Menu.h">
      <Filter>Header Files</Filter>
    </ClInclude>
    <ClInclude Include="Game.h">
      <Filter>Header Files</Filter>
    </ClInclude>
    <ClInclude Include="End.h">
      <Filter>Header Files</Filter>
    </ClInclude>
    <ClInclude Include="PlayerName.h">
      <Filter>Header Files</Filter>
    </ClInclude>
    <ClInclude Include="PauseMenu.h">
      <Filter>Header Files</Filter>
    </ClInclude>
    <ClInclude Include="BlackFadeTransition.h">
      <Filter>Header Files</Filter>
    </ClInclude>
    <ClInclude Include="CircleTransition.h">
      <Filter>Header Files</Filter>
    </ClInclude>
    <ClInclude Include="CircTrans.h">
      <Filter>Header Files</Filter>
    </ClInclude>
    <ClInclude Include="resource.h">
      <Filter>Header Files</Filter>
    </ClInclude>
    <ClInclude Include="DialogueBox.h">
      <Filter>Header Files</Filter>
    </ClInclude>
    <ClInclude Include="NPC.h">
      <Filter>Header Files</Filter>
    </ClInclude>
    <ClInclude Include="LoadingScreen.h">
      <Filter>Header Files</Filter>
    </ClInclude>
    <ClInclude Include="Skylab.h">
      <Filter>Header Files</Filter>
    </ClInclude>
    <ClInclude Include="SkylabRoom.h">
      <Filter>Header Files</Filter>
    </ClInclude>
    <ClInclude Include="CutScene.h">
      <Filter>Header Files</Filter>
    </ClInclude>
    <ClInclude Include="MainGate.h">
      <Filter>Header Files</Filter>
    </ClInclude>
    <ClInclude Include="SkylabRoomNight.h">
      <Filter>Header Files</Filter>
    </ClInclude>
    <ClInclude Include="SkylabNight.h">
      <Filter>Header Files</Filter>
    </ClInclude>
    <ClInclude Include="Startup.h">
      <Filter>Header Files</Filter>
    </ClInclude>
    <ClInclude Include="CAS3Night.h">
      <Filter>Header Files</Filter>
    </ClInclude>
    <ClInclude Include="MainGateNight.h">
      <Filter>Header Files</Filter>
    </ClInclude>
    <ClInclude Include="HMDay.h">
      <Filter>Header Files</Filter>
    </ClInclude>
    <ClInclude Include="HM2nd.h">
      <Filter>Header Files</Filter>
    </ClInclude>
    <ClInclude Include="HMRoom2.h">
      <Filter>Header Files</Filter>
    </ClInclude>
    <ClInclude Include="CutScene2.h">
      <Filter>Header Files</Filter>
    </ClInclude>
    <ClInclude Include="HMRoom2Night.h">
      <Filter>Header Files</Filter>
    </ClInclude>
    <ClInclude Include="HM2ndNight.h">
      <Filter>Header Files</Filter>
    </ClInclude>
    <ClInclude Include="HMNight.h">
      <Filter>Header Files</Filter>
    </ClInclude>
    <ClInclude Include="HMRoom1.h">
      <Filter>Header Files</Filter>
    </ClInclude>
    <ClInclude Include="CBA.h">
      <Filter>Header Files</Filter>
    </ClInclude>
    <ClInclude Include="CBARoom.h">
      <Filter>Header Files</Filter>
    </ClInclude>
    <ClInclude Include="BossFight.h">
      <Filter>Header Files</Filter>
    </ClInclude>
    <ClInclude Include="SKYLABROOMLAST.h">
      <Filter>Header Files</Filter>
    </ClInclude>
    <ClInclude Include="HealthCount.h">
      <Filter>Header Files</Filter>
    </ClInclude>
    <ClInclude Include="CBADay.h">
      <Filter>Header Files</Filter>
    </ClInclude>
    <ClInclude Include="CBARoomDay.h">
      <Filter>Header Files</Filter>
    </ClInclude>
    <ClInclude Include="Crafting.h">
      <Filter>Header Files</Filter>
    </ClInclude>
    <ClInclude Include="Inventory.h">
      <Filter>Header Files</Filter>
    </ClInclude>
    <ClInclude Include="OpenCourt.h">
      <Filter>Header Files</Filter>
    </ClInclude>
    <ClInclude Include="HP.h">
      <Filter>Header Files</Filter>
    </ClInclude>
  </ItemGroup>
  <ItemGroup>
    <ResourceCompile Include="elricoh.rc">
      <Filter>Resource Files</Filter>
    </ResourceCompile>
  </ItemGroup>
</Project>